
Microsoft Visual Studio Solution File, Format Version 12.00
# Visual Studio Version 16
VisualStudioVersion = 16.0.29318.209
MinimumVisualStudioVersion = 10.0.40219.1
Project("{9A19103F-16F7-4668-BE54-9A1E7A4F7556}") = "Aksl.Core", "..\..\Aksl.Core\Aksl.Core\Aksl.Core.csproj", "{A60EB067-E423-4389-B4EB-DBE64CF59707}"
EndProject
Project("{9A19103F-16F7-4668-BE54-9A1E7A4F7556}") = "Aksl.Concurrency", "..\..\Aksl.Concurrency\Aksl.Concurrency\Aksl.Concurrency.csproj", "{701FF624-63CD-496A-9249-35923575481C}"
EndProject
Project("{9A19103F-16F7-4668-BE54-9A1E7A4F7556}") = "Aksl.Data", "..\..\Aksl.Data\Aksl.Data\Aksl.Data.csproj", "{94B05CBF-2811-4A2E-A96D-46B537D6A473}"
EndProject
Project("{9A19103F-16F7-4668-BE54-9A1E7A4F7556}") = "Aksl.Pipeline", "..\..\Aksl.Pipeline\Aksl.Pipeline\Aksl.Pipeline.csproj", "{B804CDBD-5948-4EEF-B7F0-DA779F91C051}"
EndProject
Project("{9A19103F-16F7-4668-BE54-9A1E7A4F7556}") = "Aksl.BulkInsert", "..\Aksl.BulkInsert\Aksl.BulkInsert.csproj", "{B387361F-9A2D-4D30-8640-3FB1A3EC1437}"
EndProject
Project("{2150E333-8FDC-42A3-9474-1A3956D46DE8}") = "Sdk", "Sdk", "{2E6AD34D-DBEB-4923-BB0A-E42FDAAD8D63}"
EndProject
Project("{9A19103F-16F7-4668-BE54-9A1E7A4F7556}") = "Contoso.ConsoleApp", "Contoso.ConsoleApp\Contoso.ConsoleApp.csproj", "{69F19CA8-E19E-492D-AA42-7681C9D2BE1D}"
EndProject
Project("{2150E333-8FDC-42A3-9474-1A3956D46DE8}") = "Contoso", "Contoso", "{766DD3CE-1304-4D9A-8AE7-38A7148E87D3}"
EndProject
Project("{2150E333-8FDC-42A3-9474-1A3956D46DE8}") = "Presentation", "Presentation", "{663ABCB1-FFB1-4CD8-ACA6-44457CF3D193}"
EndProject
Project("{2150E333-8FDC-42A3-9474-1A3956D46DE8}") = "Domain", "Domain", "{B5BB45FD-6421-4B44-A0BB-3417FB13C21D}"
EndProject
Project("{2150E333-8FDC-42A3-9474-1A3956D46DE8}") = "Infrastructure", "Infrastructure", "{F110F4CA-DBAB-41A1-92CE-300612852C22}"
EndProject
Project("{2150E333-8FDC-42A3-9474-1A3956D46DE8}") = "DataSource", "DataSource", "{E52CCB5F-DB7C-421E-8CF1-6B48E03D79E4}"
EndProject
Project("{9A19103F-16F7-4668-BE54-9A1E7A4F7556}") = "Contoso.Domain", "Contoso.Domain\Contoso.Domain.csproj", "{CEB8F00B-6660-4005-AB95-9B1EFA5B5456}"
EndProject
Project("{9A19103F-16F7-4668-BE54-9A1E7A4F7556}") = "Contoso.Infrastructure.Data", "Contoso.Infrastructure.Data\Contoso.Infrastructure.Data.csproj", "{18509C57-7BC5-46C4-BB85-6BCFFD7505CE}"
EndProject
Project("{9A19103F-16F7-4668-BE54-9A1E7A4F7556}") = "Contoso.DataSource", "Contoso.DataSource\Contoso.DataSource.csproj", "{6EBBB4B5-48D7-400B-80E6-B5D75C2F8B9C}"
EndProject
Project("{9A19103F-16F7-4668-BE54-9A1E7A4F7556}") = "Contoso.DataSource.SqlServer", "Contoso.DataSource.SqlServer\Contoso.DataSource.SqlServer.csproj", "{6B64D15B-55F2-4BBF-B8CE-07CC30F17CE6}"
EndProject
Global
	GlobalSection(SolutionConfigurationPlatforms) = preSolution
		Debug|Any CPU = Debug|Any CPU
		Release|Any CPU = Release|Any CPU
	EndGlobalSection
	GlobalSection(ProjectConfigurationPlatforms) = postSolution
		{A60EB067-E423-4389-B4EB-DBE64CF59707}.Debug|Any CPU.ActiveCfg = Debug|Any CPU
		{A60EB067-E423-4389-B4EB-DBE64CF59707}.Debug|Any CPU.Build.0 = Debug|Any CPU
		{A60EB067-E423-4389-B4EB-DBE64CF59707}.Release|Any CPU.ActiveCfg = Release|Any CPU
		{A60EB067-E423-4389-B4EB-DBE64CF59707}.Release|Any CPU.Build.0 = Release|Any CPU
		{701FF624-63CD-496A-9249-35923575481C}.Debug|Any CPU.ActiveCfg = Debug|Any CPU
		{701FF624-63CD-496A-9249-35923575481C}.Debug|Any CPU.Build.0 = Debug|Any CPU
		{701FF624-63CD-496A-9249-35923575481C}.Release|Any CPU.ActiveCfg = Release|Any CPU
		{701FF624-63CD-496A-9249-35923575481C}.Release|Any CPU.Build.0 = Release|Any CPU
		{94B05CBF-2811-4A2E-A96D-46B537D6A473}.Debug|Any CPU.ActiveCfg = Debug|Any CPU
		{94B05CBF-2811-4A2E-A96D-46B537D6A473}.Debug|Any CPU.Build.0 = Debug|Any CPU
		{94B05CBF-2811-4A2E-A96D-46B537D6A473}.Release|Any CPU.ActiveCfg = Release|Any CPU
		{94B05CBF-2811-4A2E-A96D-46B537D6A473}.Release|Any CPU.Build.0 = Release|Any CPU
		{B804CDBD-5948-4EEF-B7F0-DA779F91C051}.Debug|Any CPU.ActiveCfg = Debug|Any CPU
		{B804CDBD-5948-4EEF-B7F0-DA779F91C051}.Debug|Any CPU.Build.0 = Debug|Any CPU
		{B804CDBD-5948-4EEF-B7F0-DA779F91C051}.Release|Any CPU.ActiveCfg = Release|Any CPU
		{B804CDBD-5948-4EEF-B7F0-DA779F91C051}.Release|Any CPU.Build.0 = Release|Any CPU
		{B387361F-9A2D-4D30-8640-3FB1A3EC1437}.Debug|Any CPU.ActiveCfg = Debug|Any CPU
		{B387361F-9A2D-4D30-8640-3FB1A3EC1437}.Debug|Any CPU.Build.0 = Debug|Any CPU
		{B387361F-9A2D-4D30-8640-3FB1A3EC1437}.Release|Any CPU.ActiveCfg = Release|Any CPU
		{B387361F-9A2D-4D30-8640-3FB1A3EC1437}.Release|Any CPU.Build.0 = Release|Any CPU
		{69F19CA8-E19E-492D-AA42-7681C9D2BE1D}.Debug|Any CPU.ActiveCfg = Debug|Any CPU
		{69F19CA8-E19E-492D-AA42-7681C9D2BE1D}.Debug|Any CPU.Build.0 = Debug|Any CPU
		{69F19CA8-E19E-492D-AA42-7681C9D2BE1D}.Release|Any CPU.ActiveCfg = Release|Any CPU
		{69F19CA8-E19E-492D-AA42-7681C9D2BE1D}.Release|Any CPU.Build.0 = Release|Any CPU
		{CEB8F00B-6660-4005-AB95-9B1EFA5B5456}.Debug|Any CPU.ActiveCfg = Debug|Any CPU
		{CEB8F00B-6660-4005-AB95-9B1EFA5B5456}.Debug|Any CPU.Build.0 = Debug|Any CPU
		{CEB8F00B-6660-4005-AB95-9B1EFA5B5456}.Release|Any CPU.ActiveCfg = Release|Any CPU
		{CEB8F00B-6660-4005-AB95-9B1EFA5B5456}.Release|Any CPU.Build.0 = Release|Any CPU
		{18509C57-7BC5-46C4-BB85-6BCFFD7505CE}.Debug|Any CPU.ActiveCfg = Debug|Any CPU
		{18509C57-7BC5-46C4-BB85-6BCFFD7505CE}.Debug|Any CPU.Build.0 = Debug|Any CPU
		{18509C57-7BC5-46C4-BB85-6BCFFD7505CE}.Release|Any CPU.ActiveCfg = Release|Any CPU
		{18509C57-7BC5-46C4-BB85-6BCFFD7505CE}.Release|Any CPU.Build.0 = Release|Any CPU
		{6EBBB4B5-48D7-400B-80E6-B5D75C2F8B9C}.Debug|Any CPU.ActiveCfg = Debug|Any CPU
		{6EBBB4B5-48D7-400B-80E6-B5D75C2F8B9C}.Debug|Any CPU.Build.0 = Debug|Any CPU
		{6EBBB4B5-48D7-400B-80E6-B5D75C2F8B9C}.Release|Any CPU.ActiveCfg = Release|Any CPU
		{6EBBB4B5-48D7-400B-80E6-B5D75C2F8B9C}.Release|Any CPU.Build.0 = Release|Any CPU
		{6B64D15B-55F2-4BBF-B8CE-07CC30F17CE6}.Debug|Any CPU.ActiveCfg = Debug|Any CPU
		{6B64D15B-55F2-4BBF-B8CE-07CC30F17CE6}.Debug|Any CPU.Build.0 = Debug|Any CPU
		{6B64D15B-55F2-4BBF-B8CE-07CC30F17CE6}.Release|Any CPU.ActiveCfg = Release|Any CPU
		{6B64D15B-55F2-4BBF-B8CE-07CC30F17CE6}.Release|Any CPU.Build.0 = Release|Any CPU
	EndGlobalSection
	GlobalSection(SolutionProperties) = preSolution
		HideSolutionNode = FALSE
	EndGlobalSection
	GlobalSection(NestedProjects) = preSolution
		{A60EB067-E423-4389-B4EB-DBE64CF59707} = {2E6AD34D-DBEB-4923-BB0A-E42FDAAD8D63}
		{701FF624-63CD-496A-9249-35923575481C} = {2E6AD34D-DBEB-4923-BB0A-E42FDAAD8D63}
		{94B05CBF-2811-4A2E-A96D-46B537D6A473} = {2E6AD34D-DBEB-4923-BB0A-E42FDAAD8D63}
		{B804CDBD-5948-4EEF-B7F0-DA779F91C051} = {2E6AD34D-DBEB-4923-BB0A-E42FDAAD8D63}
		{B387361F-9A2D-4D30-8640-3FB1A3EC1437} = {2E6AD34D-DBEB-4923-BB0A-E42FDAAD8D63}
		{69F19CA8-E19E-492D-AA42-7681C9D2BE1D} = {663ABCB1-FFB1-4CD8-ACA6-44457CF3D193}
		{663ABCB1-FFB1-4CD8-ACA6-44457CF3D193} = {766DD3CE-1304-4D9A-8AE7-38A7148E87D3}
		{B5BB45FD-6421-4B44-A0BB-3417FB13C21D} = {766DD3CE-1304-4D9A-8AE7-38A7148E87D3}
		{F110F4CA-DBAB-41A1-92CE-300612852C22} = {766DD3CE-1304-4D9A-8AE7-38A7148E87D3}
		{E52CCB5F-DB7C-421E-8CF1-6B48E03D79E4} = {766DD3CE-1304-4D9A-8AE7-38A7148E87D3}
		{CEB8F00B-6660-4005-AB95-9B1EFA5B5456} = {B5BB45FD-6421-4B44-A0BB-3417FB13C21D}
		{18509C57-7BC5-46C4-BB85-6BCFFD7505CE} = {F110F4CA-DBAB-41A1-92CE-300612852C22}
		{6EBBB4B5-48D7-400B-80E6-B5D75C2F8B9C} = {E52CCB5F-DB7C-421E-8CF1-6B48E03D79E4}
		{6B64D15B-55F2-4BBF-B8CE-07CC30F17CE6} = {E52CCB5F-DB7C-421E-8CF1-6B48E03D79E4}
	EndGlobalSection
	GlobalSection(ExtensibilityGlobals) = postSolution
		SolutionGuid = {2DB8D4B5-E3AB-4ADF-B1DD-11C9878248D2}
	EndGlobalSection
EndGlobal
